// !$*UTF8*$!
{
	archiveVersion = 1;
	classes = {
	};
	objectVersion = 56;
	objects = {

/* Begin PBXBuildFile section */
		FDB90ABB2A781F3E003C6F7F /* Desafio5App.swift in Sources */ = {isa = PBXBuildFile; fileRef = FDB90ABA2A781F3E003C6F7F /* Desafio5App.swift */; };
		FDB90ABD2A781F3E003C6F7F /* ContentView.swift in Sources */ = {isa = PBXBuildFile; fileRef = FDB90ABC2A781F3E003C6F7F /* ContentView.swift */; };
		FDB90ABF2A781F3F003C6F7F /* Assets.xcassets in Resources */ = {isa = PBXBuildFile; fileRef = FDB90ABE2A781F3F003C6F7F /* Assets.xcassets */; };
		FDB90AC22A781F3F003C6F7F /* Preview Assets.xcassets in Resources */ = {isa = PBXBuildFile; fileRef = FDB90AC12A781F3F003C6F7F /* Preview Assets.xcassets */; };
		FDB90AC92A782901003C6F7F /* HomeView.swift in Sources */ = {isa = PBXBuildFile; fileRef = FDB90AC82A782901003C6F7F /* HomeView.swift */; };
		FDB90ACB2A782EAE003C6F7F /* SearchView.swift in Sources */ = {isa = PBXBuildFile; fileRef = FDB90ACA2A782EAE003C6F7F /* SearchView.swift */; };
		FDB90ACD2A782EC0003C6F7F /* PhotoView.swift in Sources */ = {isa = PBXBuildFile; fileRef = FDB90ACC2A782EC0003C6F7F /* PhotoView.swift */; };
		FDB90ACF2A782F1A003C6F7F /* MessageView.swift in Sources */ = {isa = PBXBuildFile; fileRef = FDB90ACE2A782F1A003C6F7F /* MessageView.swift */; };
		FDB90AD12A782F33003C6F7F /* ProfileView.swift in Sources */ = {isa = PBXBuildFile; fileRef = FDB90AD02A782F33003C6F7F /* ProfileView.swift */; };
/* End PBXBuildFile section */

/* Begin PBXFileReference section */
		FDB90AB72A781F3E003C6F7F /* Desafio5.app */ = {isa = PBXFileReference; explicitFileType = wrapper.application; includeInIndex = 0; path = Desafio5.app; sourceTree = BUILT_PRODUCTS_DIR; };
		FDB90ABA2A781F3E003C6F7F /* Desafio5App.swift */ = {isa = PBXFileReference; lastKnownFileType = sourcecode.swift; path = Desafio5App.swift; sourceTree = "<group>"; };
		FDB90ABC2A781F3E003C6F7F /* ContentView.swift */ = {isa = PBXFileReference; lastKnownFileType = sourcecode.swift; path = ContentView.swift; sourceTree = "<group>"; };
		FDB90ABE2A781F3F003C6F7F /* Assets.xcassets */ = {isa = PBXFileReference; lastKnownFileType = folder.assetcatalog; path = Assets.xcassets; sourceTree = "<group>"; };
		FDB90AC12A781F3F003C6F7F /* Preview Assets.xcassets */ = {isa = PBXFileReference; lastKnownFileType = folder.assetcatalog; path = "Preview Assets.xcassets"; sourceTree = "<group>"; };
		FDB90AC82A782901003C6F7F /* HomeView.swift */ = {isa = PBXFileReference; lastKnownFileType = sourcecode.swift; path = HomeView.swift; sourceTree = "<group>"; };
		FDB90ACA2A782EAE003C6F7F /* SearchView.swift */ = {isa = PBXFileReference; lastKnownFileType = sourcecode.swift; path = SearchView.swift; sourceTree = "<group>"; };
		FDB90ACC2A782EC0003C6F7F /* PhotoView.swift */ = {isa = PBXFileReference; lastKnownFileType = sourcecode.swift; path = PhotoView.swift; sourceTree = "<group>"; };
		FDB90ACE2A782F1A003C6F7F /* MessageView.swift */ = {isa = PBXFileReference; lastKnownFileType = sourcecode.swift; path = MessageView.swift; sourceTree = "<group>"; };
		FDB90AD02A782F33003C6F7F /* ProfileView.swift */ = {isa = PBXFileReference; lastKnownFileType = sourcecode.swift; path = ProfileView.swift; sourceTree = "<group>"; };
/* End PBXFileReference section */

/* Begin PBXFrameworksBuildPhase section */
		FDB90AB42A781F3E003C6F7F /* Frameworks */ = {
			isa = PBXFrameworksBuildPhase;
			buildActionMask = 2147483647;
			files = (
			);
			runOnlyForDeploymentPostprocessing = 0;
		};
/* End PBXFrameworksBuildPhase section */

/* Begin PBXGroup section */
		FDB90AAE2A781F3E003C6F7F = {
			isa = PBXGroup;
			children = (
				FDB90AB92A781F3E003C6F7F /* Desafio5 */,
				FDB90AB82A781F3E003C6F7F /* Products */,
			);
			sourceTree = "<group>";
		};
		FDB90AB82A781F3E003C6F7F /* Products */ = {
			isa = PBXGroup;
			children = (
				FDB90AB72A781F3E003C6F7F /* Desafio5.app */,
			);
			name = Products;
			sourceTree = "<group>";
		};
		FDB90AB92A781F3E003C6F7F /* Desafio5 */ = {
			isa = PBXGroup;
			children = (
				FDB90ABA2A781F3E003C6F7F /* Desafio5App.swift */,
				FDB90ABC2A781F3E003C6F7F /* ContentView.swift */,
				FDB90AD02A782F33003C6F7F /* ProfileView.swift */,
				FDB90ACE2A782F1A003C6F7F /* MessageView.swift */,
				FDB90ACC2A782EC0003C6F7F /* PhotoView.swift */,
				FDB90AC82A782901003C6F7F /* HomeView.swift */,
				FDB90ACA2A782EAE003C6F7F /* SearchView.swift */,
				FDB90ABE2A781F3F003C6F7F /* Assets.xcassets */,
				FDB90AC02A781F3F003C6F7F /* Preview Content */,
			);
			path = Desafio5;
			sourceTree = "<group>";
		};
		FDB90AC02A781F3F003C6F7F /* Preview Content */ = {
			isa = PBXGroup;
			children = (
				FDB90AC12A781F3F003C6F7F /* Preview Assets.xcassets */,
			);
			path = "Preview Content";
			sourceTree = "<group>";
		};
/* End PBXGroup section */

/* Begin PBXNativeTarget section */
		FDB90AB62A781F3E003C6F7F /* Desafio5 */ = {
			isa = PBXNativeTarget;
			buildConfigurationList = FDB90AC52A781F3F003C6F7F /* Build configuration list for PBXNativeTarget "Desafio5" */;
			buildPhases = (
				FDB90AB32A781F3E003C6F7F /* Sources */,
				FDB90AB42A781F3E003C6F7F /* Frameworks */,
				FDB90AB52A781F3E003C6F7F /* Resources */,
			);
			buildRules = (
			);
			dependencies = (
			);
			name = Desafio5;
			productName = Desafio5;
			productReference = FDB90AB72A781F3E003C6F7F /* Desafio5.app */;
			productType = "com.apple.product-type.application";
		};
/* End PBXNativeTarget section */

/* Begin PBXProject section */
		FDB90AAF2A781F3E003C6F7F /* Project object */ = {
			isa = PBXProject;
			attributes = {
				BuildIndependentTargetsInParallel = 1;
				LastSwiftUpdateCheck = 1420;
				LastUpgradeCheck = 1420;
				TargetAttributes = {
					FDB90AB62A781F3E003C6F7F = {
						CreatedOnToolsVersion = 14.2;
					};
				};
			};
			buildConfigurationList = FDB90AB22A781F3E003C6F7F /* Build configuration list for PBXProject "Desafio5" */;
			compatibilityVersion = "Xcode 14.0";
			developmentRegion = en;
			hasScannedForEncodings = 0;
			knownRegions = (
				en,
				Base,
			);
			mainGroup = FDB90AAE2A781F3E003C6F7F;
			productRefGroup = FDB90AB82A781F3E003C6F7F /* Products */;
			projectDirPath = "";
			projectRoot = "";
			targets = (
				FDB90AB62A781F3E003C6F7F /* Desafio5 */,
			);
		};
/* End PBXProject section */

/* Begin PBXResourcesBuildPhase section */
		FDB90AB52A781F3E003C6F7F /* Resources */ = {
			isa = PBXResourcesBuildPhase;
			buildActionMask = 2147483647;
			files = (
				FDB90AC22A781F3F003C6F7F /* Preview Assets.xcassets in Resources */,
				FDB90ABF2A781F3F003C6F7F /* Assets.xcassets in Resources */,
			);
			runOnlyForDeploymentPostprocessing = 0;
		};
/* End PBXResourcesBuildPhase section */

/* Begin PBXSourcesBuildPhase section */
		FDB90AB32A781F3E003C6F7F /* Sources */ = {
			isa = PBXSourcesBuildPhase;
			buildActionMask = 2147483647;
			files = (
				FDB90ACF2A782F1A003C6F7F /* MessageView.swift in Sources */,
				FDB90ACB2A782EAE003C6F7F /* SearchView.swift in Sources */,
				FDB90AC92A782901003C6F7F /* HomeView.swift in Sources */,
				FDB90ABD2A781F3E003C6F7F /* ContentView.swift in Sources */,
				FDB90ACD2A782EC0003C6F7F /* PhotoView.swift in Sources */,
				FDB90AD12A782F33003C6F7F /* ProfileView.swift in Sources */,
				FDB90ABB2A781F3E003C6F7F /* Desafio5App.swift in Sources */,
			);
			runOnlyForDeploymentPostprocessing = 0;
		};
/* End PBXSourcesBuildPhase section */

/* Begin XCBuildConfiguration section */
		FDB90AC32A781F3F003C6F7F /* Debug */ = {
			isa = XCBuildConfiguration;
			buildSettings = {
				ALWAYS_SEARCH_USER_PATHS = NO;
				CLANG_ANALYZER_NONNULL = YES;
				CLANG_ANALYZER_NUMBER_OBJECT_CONVERSION = YES_AGGRESSIVE;
				CLANG_CXX_LANGUAGE_STANDARD = "gnu++20";
				CLANG_ENABLE_MODULES = YES;
				CLANG_ENABLE_OBJC_ARC = YES;
				CLANG_ENABLE_OBJC_WEAK = YES;
				CLANG_WARN_BLOCK_CAPTURE_AUTORELEASING = YES;
				CLANG_WARN_BOOL_CONVERSION = YES;
				CLANG_WARN_COMMA = YES;
				CLANG_WARN_CONSTANT_CONVERSION = YES;
				CLANG_WARN_DEPRECATED_OBJC_IMPLEMENTATIONS = YES;
				CLANG_WARN_DIRECT_OBJC_ISA_USAGE = YES_ERROR;
				CLANG_WARN_DOCUMENTATION_COMMENTS = YES;
				CLANG_WARN_EMPTY_BODY = YES;
				CLANG_WARN_ENUM_CONVERSION = YES;
				CLANG_WARN_INFINITE_RECURSION = YES;
				CLANG_WARN_INT_CONVERSION = YES;
				CLANG_WARN_NON_LITERAL_NULL_CONVERSION = YES;
				CLANG_WARN_OBJC_IMPLICIT_RETAIN_SELF = YES;
				CLANG_WARN_OBJC_LITERAL_CONVERSION = YES;
				CLANG_WARN_OBJC_ROOT_CLASS = YES_ERROR;
				CLANG_WARN_QUOTED_INCLUDE_IN_FRAMEWORK_HEADER = YES;
				CLANG_WARN_RANGE_LOOP_ANALYSIS = YES;
				CLANG_WARN_STRICT_PROTOTYPES = YES;
				CLANG_WARN_SUSPICIOUS_MOVE = YES;
				CLANG_WARN_UNGUARDED_AVAILABILITY = YES_AGGRESSIVE;
				CLANG_WARN_UNREACHABLE_CODE = YES;
				CLANG_WARN__DUPLICATE_METHOD_MATCH = YES;
				COPY_PHASE_STRIP = NO;
				DEBUG_INFORMATION_FORMAT = dwarf;
				ENABLE_STRICT_OBJC_MSGSEND = YES;
				ENABLE_TESTABILITY = YES;
				GCC_C_LANGUAGE_STANDARD = gnu11;
				GCC_DYNAMIC_NO_PIC = NO;
				GCC_NO_COMMON_BLOCKS = YES;
				GCC_OPTIMIZATION_LEVEL = 0;
				GCC_PREPROCESSOR_DEFINITIONS = (
					"DEBUG=1",
					"$(inherited)",
				);
				GCC_WARN_64_TO_32_BIT_CONVERSION = YES;
				GCC_WARN_ABOUT_RETURN_TYPE = YES_ERROR;
				GCC_WARN_UNDECLARED_SELECTOR = YES;
				GCC_WARN_UNINITIALIZED_AUTOS = YES_AGGRESSIVE;
				GCC_WARN_UNUSED_FUNCTION = YES;
				GCC_WARN_UNUSED_VARIABLE = YES;
				IPHONEOS_DEPLOYMENT_TARGET = 16.2;
				MTL_ENABLE_DEBUG_INFO = INCLUDE_SOURCE;
				MTL_FAST_MATH = YES;
				ONLY_ACTIVE_ARCH = YES;
				SDKROOT = iphoneos;
				SWIFT_ACTIVE_COMPILATION_CONDITIONS = DEBUG;
				SWIFT_OPTIMIZATION_LEVEL = "-Onone";
			};
			name = Debug;
		};
		FDB90AC42A781F3F003C6F7F /* Release */ = {
			isa = XCBuildConfiguration;
			buildSettings = {
				ALWAYS_SEARCH_USER_PATHS = NO;
				CLANG_ANALYZER_NONNULL = YES;
				CLANG_ANALYZER_NUMBER_OBJECT_CONVERSION = YES_AGGRESSIVE;
				CLANG_CXX_LANGUAGE_STANDARD = "gnu++20";
				CLANG_ENABLE_MODULES = YES;
				CLANG_ENABLE_OBJC_ARC = YES;
				CLANG_ENABLE_OBJC_WEAK = YES;
				CLANG_WARN_BLOCK_CAPTURE_AUTORELEASING = YES;
				CLANG_WARN_BOOL_CONVERSION = YES;
				CLANG_WARN_COMMA = YES;
				CLANG_WARN_CONSTANT_CONVERSION = YES;
				CLANG_WARN_DEPRECATED_OBJC_IMPLEMENTATIONS = YES;
				CLANG_WARN_DIRECT_OBJC_ISA_USAGE = YES_ERROR;
				CLANG_WARN_DOCUMENTATION_COMMENTS = YES;
				CLANG_WARN_EMPTY_BODY = YES;
				CLANG_WARN_ENUM_CONVERSION = YES;
				CLANG_WARN_INFINITE_RECURSION = YES;
				CLANG_WARN_INT_CONVERSION = YES;
				CLANG_WARN_NON_LITERAL_NULL_CONVERSION = YES;
				CLANG_WARN_OBJC_IMPLICIT_RETAIN_SELF = YES;
				CLANG_WARN_OBJC_LITERAL_CONVERSION = YES;
				CLANG_WARN_OBJC_ROOT_CLASS = YES_ERROR;
				CLANG_WARN_QUOTED_INCLUDE_IN_FRAMEWORK_HEADER = YES;
				CLANG_WARN_RANGE_LOOP_ANALYSIS = YES;
				CLANG_WARN_STRICT_PROTOTYPES = YES;
				CLANG_WARN_SUSPICIOUS_MOVE = YES;
				CLANG_WARN_UNGUARDED_AVAILABILITY = YES_AGGRESSIVE;
				CLANG_WARN_UNREACHABLE_CODE = YES;
				CLANG_WARN__DUPLICATE_METHOD_MATCH = YES;
				COPY_PHASE_STRIP = NO;
				DEBUG_INFORMATION_FORMAT = "dwarf-with-dsym";
				ENABLE_NS_ASSERTIONS = NO;
				ENABLE_STRICT_OBJC_MSGSEND = YES;
				GCC_C_LANGUAGE_STANDARD = gnu11;
				GCC_NO_COMMON_BLOCKS = YES;
				GCC_WARN_64_TO_32_BIT_CONVERSION = YES;
				GCC_WARN_ABOUT_RETURN_TYPE = YES_ERROR;
				GCC_WARN_UNDECLARED_SELECTOR = YES;
				GCC_WARN_UNINITIALIZED_AUTOS = YES_AGGRESSIVE;
				GCC_WARN_UNUSED_FUNCTION = YES;
				GCC_WARN_UNUSED_VARIABLE = YES;
				IPHONEOS_DEPLOYMENT_TARGET = 16.2;
				MTL_ENABLE_DEBUG_INFO = NO;
				MTL_FAST_MATH = YES;
				SDKROOT = iphoneos;
				SWIFT_COMPILATION_MODE = wholemodule;
				SWIFT_OPTIMIZATION_LEVEL = "-O";
				VALIDATE_PRODUCT = YES;
			};
			name = Release;
		};
		FDB90AC62A781F3F003C6F7F /* Debug */ = {
			isa = XCBuildConfiguration;
			buildSettings = {
				ASSETCATALOG_COMPILER_APPICON_NAME = AppIcon;
				ASSETCATALOG_COMPILER_GLOBAL_ACCENT_COLOR_NAME = AccentColor;
				CODE_SIGN_STYLE = Automatic;
				CURRENT_PROJECT_VERSION = 1;
				DEVELOPMENT_ASSET_PATHS = "\"Desafio5/Preview Content\"";
				ENABLE_PREVIEWS = YES;
				GENERATE_INFOPLIST_FILE = YES;
				INFOPLIST_KEY_UIApplicationSceneManifest_Generation = YES;
				INFOPLIST_KEY_UIApplicationSupportsIndirectInputEvents = YES;
				INFOPLIST_KEY_UILaunchScreen_Generation = YES;
				INFOPLIST_KEY_UISupportedInterfaceOrientations_iPad = "UIInterfaceOrientationPortrait UIInterfaceOrientationPortraitUpsideDown UIInterfaceOrientationLandscapeLeft UIInterfaceOrientationLandscapeRight";
				INFOPLIST_KEY_UISupportedInterfaceOrientations_iPhone = "UIInterfaceOrientationPortrait UIInterfaceOrientationLandscapeLeft UIInterfaceOrientationLandscapeRight";
				LD_RUNPATH_SEARCH_PATHS = (
					"$(inherited)",
					"@executable_path/Frameworks",
				);
				MARKETING_VERSION = 1.0;
				PRODUCT_BUNDLE_IDENTIFIER = joaopespindola.Desafio5;
				PRODUCT_NAME = "$(TARGET_NAME)";
				SWIFT_EMIT_LOC_STRINGS = YES;
				SWIFT_VERSION = 5.0;
				TARGETED_DEVICE_FAMILY = "1,2";
			};
			name = Debug;
		};
		FDB90AC72A781F3F003C6F7F /* Release */ = {
			isa = XCBuildConfiguration;
			buildSettings = {
				ASSETCATALOG_COMPILER_APPICON_NAME = AppIcon;
				ASSETCATALOG_COMPILER_GLOBAL_ACCENT_COLOR_NAME = AccentColor;
				CODE_SIGN_STYLE = Automatic;
				CURRENT_PROJECT_VERSION = 1;
				DEVELOPMENT_ASSET_PATHS = "\"Desafio5/Preview Content\"";
				ENABLE_PREVIEWS = YES;
				GENERATE_INFOPLIST_FILE = YES;
				INFOPLIST_KEY_UIApplicationSceneManifest_Generation = YES;
				INFOPLIST_KEY_UIApplicationSupportsIndirectInputEvents = YES;
				INFOPLIST_KEY_UILaunchScreen_Generation = YES;
				INFOPLIST_KEY_UISupportedInterfaceOrientations_iPad = "UIInterfaceOrientationPortrait UIInterfaceOrientationPortraitUpsideDown UIInterfaceOrientationLandscapeLeft UIInterfaceOrientationLandscapeRight";
				INFOPLIST_KEY_UISupportedInterfaceOrientations_iPhone = "UIInterfaceOrientationPortrait UIInterfaceOrientationLandscapeLeft UIInterfaceOrientationLandscapeRight";
				LD_RUNPATH_SEARCH_PATHS = (
					"$(inherited)",
					"@executable_path/Frameworks",
				);
				MARKETING_VERSION = 1.0;
				PRODUCT_BUNDLE_IDENTIFIER = joaopespindola.Desafio5;
				PRODUCT_NAME = "$(TARGET_NAME)";
				SWIFT_EMIT_LOC_STRINGS = YES;
				SWIFT_VERSION = 5.0;
				TARGETED_DEVICE_FAMILY = "1,2";
			};
			name = Release;
		};
/* End XCBuildConfiguration section */

/* Begin XCConfigurationList section */
		FDB90AB22A781F3E003C6F7F /* Build configuration list for PBXProject "Desafio5" */ = {
			isa = XCConfigurationList;
			buildConfigurations = (
				FDB90AC32A781F3F003C6F7F /* Debug */,
				FDB90AC42A781F3F003C6F7F /* Release */,
			);
			defaultConfigurationIsVisible = 0;
			defaultConfigurationName = Release;
		};
		FDB90AC52A781F3F003C6F7F /* Build configuration list for PBXNativeTarget "Desafio5" */ = {
			isa = XCConfigurationList;
			buildConfigurations = (
				FDB90AC62A781F3F003C6F7F /* Debug */,
				FDB90AC72A781F3F003C6F7F /* Release */,
			);
			defaultConfigurationIsVisible = 0;
			defaultConfigurationName = Release;
		};
/* End XCConfigurationList section */
	};
	rootObject = FDB90AAF2A781F3E003C6F7F /* Project object */;
}
